
Microsoft Visual Studio Solution File, Format Version 12.00
# Visual Studio 15
VisualStudioVersion = 15.0.28010.2041
MinimumVisualStudioVersion = 10.0.40219.1
Project("{159641D6-6404-4A2A-AE62-294DE0FE8301}") = "Practical11", "Practical11.dtproj", "{0EBD3CBC-4B31-4069-BA35-10DDE6A924F0}"
EndProject
Global
	GlobalSection(SolutionConfigurationPlatforms) = preSolution
		Debug|Any CPU = Debug|Any CPU
		Development|Any CPU = Development|Any CPU
		Release|Any CPU = Release|Any CPU
	EndGlobalSection
	GlobalSection(ProjectConfigurationPlatforms) = postSolution
		{0EBD3CBC-4B31-4069-BA35-10DDE6A924F0}.Debug|Any CPU.ActiveCfg = Development
		{0EBD3CBC-4B31-4069-BA35-10DDE6A924F0}.Debug|Any CPU.Build.0 = Development
		{0EBD3CBC-4B31-4069-BA35-10DDE6A924F0}.Development|Any CPU.ActiveCfg = Development
		{0EBD3CBC-4B31-4069-BA35-10DDE6A924F0}.Development|Any CPU.Build.0 = Development
		{0EBD3CBC-4B31-4069-BA35-10DDE6A924F0}.Release|Any CPU.ActiveCfg = Development
		{0EBD3CBC-4B31-4069-BA35-10DDE6A924F0}.Release|Any CPU.Build.0 = Development
	EndGlobalSection
	GlobalSection(SolutionProperties) = preSolution
		HideSolutionNode = FALSE
	EndGlobalSection
	GlobalSection(ExtensibilityGlobals) = postSolution
		SolutionGuid = {B8131019-DD9E-49E7-9C67-E1FB806B9DE7}
	EndGlobalSection
EndGlobal
